
Microsoft Visual Studio Solution File, Format Version 12.00
# Visual Studio Version 17
VisualStudioVersion = 17.14.36301.6
MinimumVisualStudioVersion = 10.0.40219.1
Project("{2150E333-8FDC-42A3-9474-1A3956D46DE8}") = "Order", "Order", "{02EA681E-C7D8-13C7-8484-4AC65E1B71E8}"
EndProject
Project("{2150E333-8FDC-42A3-9474-1A3956D46DE8}") = "Stock", "Stock", "{2A72F718-4D9B-41FB-A9F6-50F078AAFFE3}"
EndProject
Project("{2150E333-8FDC-42A3-9474-1A3956D46DE8}") = "Payment", "Payment", "{D5F71F51-8F92-41FC-A5A8-38C46BE4532D}"
EndProject
Project("{FAE04EC0-301F-11D3-BF4B-00C04F79EFBC}") = "Order.Repository", "Order.Repository\Order.Repository.csproj", "{829EE4CE-6608-4DCC-A6F4-D17C33408C6A}"
EndProject
Project("{FAE04EC0-301F-11D3-BF4B-00C04F79EFBC}") = "Order.Service", "Order.Service\Order.Service.csproj", "{E9EEF41B-4E65-497F-BD5B-F8B2C5C4CBAC}"
EndProject
Project("{FAE04EC0-301F-11D3-BF4B-00C04F79EFBC}") = "Order.API", "Order.API\Order.API.csproj", "{634E9C52-8695-4963-AAAB-F40D63C282E0}"
EndProject
Project("{FAE04EC0-301F-11D3-BF4B-00C04F79EFBC}") = "Stock.Repository", "Stock.Repository\Stock.Repository.csproj", "{008BBF86-A72D-4775-B421-EE40F7E8E2D1}"
EndProject
Project("{FAE04EC0-301F-11D3-BF4B-00C04F79EFBC}") = "Stock.Service", "Stock.Service\Stock.Service.csproj", "{B33F434B-43C1-43AC-A00A-A59BB4797FCD}"
EndProject
Project("{FAE04EC0-301F-11D3-BF4B-00C04F79EFBC}") = "Stock.API", "Stock.API\Stock.API.csproj", "{10A2CCD4-4A9B-4CEC-8C8D-D9AF7BC1045D}"
EndProject
Project("{2150E333-8FDC-42A3-9474-1A3956D46DE8}") = "Bus", "Bus", "{A655D4BE-3631-4F9E-8880-A80F63C8A2C3}"
EndProject
Project("{FAE04EC0-301F-11D3-BF4B-00C04F79EFBC}") = "ServiceBus", "ServiceBus\ServiceBus.csproj", "{DDD3278D-9A14-445E-8715-8611DE059E05}"
EndProject
Project("{2150E333-8FDC-42A3-9474-1A3956D46DE8}") = "DockerContainer", "DockerContainer", "{9DDDB0B2-DEC9-483E-B250-4F2857FAE1BA}"
EndProject
Project("{FAE04EC0-301F-11D3-BF4B-00C04F79EFBC}") = "Docker.API", "Docker.API\Docker.API.csproj", "{130B0F72-9FE5-44EC-BA83-70277BA05B49}"
EndProject
Global
	GlobalSection(SolutionConfigurationPlatforms) = preSolution
		Debug|Any CPU = Debug|Any CPU
		Release|Any CPU = Release|Any CPU
	EndGlobalSection
	GlobalSection(ProjectConfigurationPlatforms) = postSolution
		{829EE4CE-6608-4DCC-A6F4-D17C33408C6A}.Debug|Any CPU.ActiveCfg = Debug|Any CPU
		{829EE4CE-6608-4DCC-A6F4-D17C33408C6A}.Debug|Any CPU.Build.0 = Debug|Any CPU
		{829EE4CE-6608-4DCC-A6F4-D17C33408C6A}.Release|Any CPU.ActiveCfg = Release|Any CPU
		{829EE4CE-6608-4DCC-A6F4-D17C33408C6A}.Release|Any CPU.Build.0 = Release|Any CPU
		{E9EEF41B-4E65-497F-BD5B-F8B2C5C4CBAC}.Debug|Any CPU.ActiveCfg = Debug|Any CPU
		{E9EEF41B-4E65-497F-BD5B-F8B2C5C4CBAC}.Debug|Any CPU.Build.0 = Debug|Any CPU
		{E9EEF41B-4E65-497F-BD5B-F8B2C5C4CBAC}.Release|Any CPU.ActiveCfg = Release|Any CPU
		{E9EEF41B-4E65-497F-BD5B-F8B2C5C4CBAC}.Release|Any CPU.Build.0 = Release|Any CPU
		{634E9C52-8695-4963-AAAB-F40D63C282E0}.Debug|Any CPU.ActiveCfg = Debug|Any CPU
		{634E9C52-8695-4963-AAAB-F40D63C282E0}.Debug|Any CPU.Build.0 = Debug|Any CPU
		{634E9C52-8695-4963-AAAB-F40D63C282E0}.Release|Any CPU.ActiveCfg = Release|Any CPU
		{634E9C52-8695-4963-AAAB-F40D63C282E0}.Release|Any CPU.Build.0 = Release|Any CPU
		{008BBF86-A72D-4775-B421-EE40F7E8E2D1}.Debug|Any CPU.ActiveCfg = Debug|Any CPU
		{008BBF86-A72D-4775-B421-EE40F7E8E2D1}.Debug|Any CPU.Build.0 = Debug|Any CPU
		{008BBF86-A72D-4775-B421-EE40F7E8E2D1}.Release|Any CPU.ActiveCfg = Release|Any CPU
		{008BBF86-A72D-4775-B421-EE40F7E8E2D1}.Release|Any CPU.Build.0 = Release|Any CPU
		{B33F434B-43C1-43AC-A00A-A59BB4797FCD}.Debug|Any CPU.ActiveCfg = Debug|Any CPU
		{B33F434B-43C1-43AC-A00A-A59BB4797FCD}.Debug|Any CPU.Build.0 = Debug|Any CPU
		{B33F434B-43C1-43AC-A00A-A59BB4797FCD}.Release|Any CPU.ActiveCfg = Release|Any CPU
		{B33F434B-43C1-43AC-A00A-A59BB4797FCD}.Release|Any CPU.Build.0 = Release|Any CPU
		{10A2CCD4-4A9B-4CEC-8C8D-D9AF7BC1045D}.Debug|Any CPU.ActiveCfg = Debug|Any CPU
		{10A2CCD4-4A9B-4CEC-8C8D-D9AF7BC1045D}.Debug|Any CPU.Build.0 = Debug|Any CPU
		{10A2CCD4-4A9B-4CEC-8C8D-D9AF7BC1045D}.Release|Any CPU.ActiveCfg = Release|Any CPU
		{10A2CCD4-4A9B-4CEC-8C8D-D9AF7BC1045D}.Release|Any CPU.Build.0 = Release|Any CPU
		{DDD3278D-9A14-445E-8715-8611DE059E05}.Debug|Any CPU.ActiveCfg = Debug|Any CPU
		{DDD3278D-9A14-445E-8715-8611DE059E05}.Debug|Any CPU.Build.0 = Debug|Any CPU
		{DDD3278D-9A14-445E-8715-8611DE059E05}.Release|Any CPU.ActiveCfg = Release|Any CPU
		{DDD3278D-9A14-445E-8715-8611DE059E05}.Release|Any CPU.Build.0 = Release|Any CPU
		{130B0F72-9FE5-44EC-BA83-70277BA05B49}.Debug|Any CPU.ActiveCfg = Debug|Any CPU
		{130B0F72-9FE5-44EC-BA83-70277BA05B49}.Debug|Any CPU.Build.0 = Debug|Any CPU
		{130B0F72-9FE5-44EC-BA83-70277BA05B49}.Release|Any CPU.ActiveCfg = Release|Any CPU
		{130B0F72-9FE5-44EC-BA83-70277BA05B49}.Release|Any CPU.Build.0 = Release|Any CPU
	EndGlobalSection
	GlobalSection(SolutionProperties) = preSolution
		HideSolutionNode = FALSE
	EndGlobalSection
	GlobalSection(NestedProjects) = preSolution
		{829EE4CE-6608-4DCC-A6F4-D17C33408C6A} = {02EA681E-C7D8-13C7-8484-4AC65E1B71E8}
		{E9EEF41B-4E65-497F-BD5B-F8B2C5C4CBAC} = {02EA681E-C7D8-13C7-8484-4AC65E1B71E8}
		{634E9C52-8695-4963-AAAB-F40D63C282E0} = {02EA681E-C7D8-13C7-8484-4AC65E1B71E8}
		{008BBF86-A72D-4775-B421-EE40F7E8E2D1} = {2A72F718-4D9B-41FB-A9F6-50F078AAFFE3}
		{B33F434B-43C1-43AC-A00A-A59BB4797FCD} = {2A72F718-4D9B-41FB-A9F6-50F078AAFFE3}
		{10A2CCD4-4A9B-4CEC-8C8D-D9AF7BC1045D} = {2A72F718-4D9B-41FB-A9F6-50F078AAFFE3}
		{DDD3278D-9A14-445E-8715-8611DE059E05} = {A655D4BE-3631-4F9E-8880-A80F63C8A2C3}
		{130B0F72-9FE5-44EC-BA83-70277BA05B49} = {9DDDB0B2-DEC9-483E-B250-4F2857FAE1BA}
	EndGlobalSection
	GlobalSection(ExtensibilityGlobals) = postSolution
		SolutionGuid = {DADE88ED-6773-48EF-B139-AFFB55E78F87}
	EndGlobalSection
EndGlobal
