
Microsoft Visual Studio Solution File, Format Version 12.00
# Visual Studio Version 17
VisualStudioVersion = 17.14.36301.6
MinimumVisualStudioVersion = 10.0.40219.1
Project("{2150E333-8FDC-42A3-9474-1A3956D46DE8}") = "Order", "Order", "{02EA681E-C7D8-13C7-8484-4AC65E1B71E8}"
EndProject
Project("{FAE04EC0-301F-11D3-BF4B-00C04F79EFBC}") = "Repository", "Order.Repository\Repository.csproj", "{829EE4CE-6608-4DCC-A6F4-D17C33408C6A}"
EndProject
Project("{FAE04EC0-301F-11D3-BF4B-00C04F79EFBC}") = "Order.API", "Order.API\Order.API.csproj", "{634E9C52-8695-4963-AAAB-F40D63C282E0}"
EndProject
Project("{2150E333-8FDC-42A3-9474-1A3956D46DE8}") = "Bus", "Bus", "{A655D4BE-3631-4F9E-8880-A80F63C8A2C3}"
EndProject
Project("{FAE04EC0-301F-11D3-BF4B-00C04F79EFBC}") = "ServiceBus", "ServiceBus\ServiceBus.csproj", "{DDD3278D-9A14-445E-8715-8611DE059E05}"
EndProject
Project("{FAE04EC0-301F-11D3-BF4B-00C04F79EFBC}") = "Order.Domain", "Order.Domain\Order.Domain.csproj", "{4A7DE789-85A7-44EB-AB0E-841B6A6793AC}"
EndProject
Project("{2150E333-8FDC-42A3-9474-1A3956D46DE8}") = "CleanArchitecture", "CleanArchitecture", "{0FB584A0-EE6D-4215-9597-80A92B496808}"
EndProject
Project("{FAE04EC0-301F-11D3-BF4B-00C04F79EFBC}") = "Order.Application", "Order.Application\Order.Application.csproj", "{F0C08902-7AD2-44EC-83DD-2FD17D50F5FB}"
EndProject
Project("{2150E333-8FDC-42A3-9474-1A3956D46DE8}") = "Infrastructure", "Infrastructure", "{AF4A189D-BB90-43DD-9766-ABA56D557F97}"
EndProject
Project("{FAE04EC0-301F-11D3-BF4B-00C04F79EFBC}") = "Caching", "Caching\Caching.csproj", "{6461E1EA-C707-47EF-8086-B50AEF88827B}"
EndProject
Global
	GlobalSection(SolutionConfigurationPlatforms) = preSolution
		Debug|Any CPU = Debug|Any CPU
		Release|Any CPU = Release|Any CPU
	EndGlobalSection
	GlobalSection(ProjectConfigurationPlatforms) = postSolution
		{829EE4CE-6608-4DCC-A6F4-D17C33408C6A}.Debug|Any CPU.ActiveCfg = Debug|Any CPU
		{829EE4CE-6608-4DCC-A6F4-D17C33408C6A}.Debug|Any CPU.Build.0 = Debug|Any CPU
		{829EE4CE-6608-4DCC-A6F4-D17C33408C6A}.Release|Any CPU.ActiveCfg = Release|Any CPU
		{829EE4CE-6608-4DCC-A6F4-D17C33408C6A}.Release|Any CPU.Build.0 = Release|Any CPU
		{634E9C52-8695-4963-AAAB-F40D63C282E0}.Debug|Any CPU.ActiveCfg = Debug|Any CPU
		{634E9C52-8695-4963-AAAB-F40D63C282E0}.Debug|Any CPU.Build.0 = Debug|Any CPU
		{634E9C52-8695-4963-AAAB-F40D63C282E0}.Release|Any CPU.ActiveCfg = Release|Any CPU
		{634E9C52-8695-4963-AAAB-F40D63C282E0}.Release|Any CPU.Build.0 = Release|Any CPU
		{DDD3278D-9A14-445E-8715-8611DE059E05}.Debug|Any CPU.ActiveCfg = Debug|Any CPU
		{DDD3278D-9A14-445E-8715-8611DE059E05}.Debug|Any CPU.Build.0 = Debug|Any CPU
		{DDD3278D-9A14-445E-8715-8611DE059E05}.Release|Any CPU.ActiveCfg = Release|Any CPU
		{DDD3278D-9A14-445E-8715-8611DE059E05}.Release|Any CPU.Build.0 = Release|Any CPU
		{4A7DE789-85A7-44EB-AB0E-841B6A6793AC}.Debug|Any CPU.ActiveCfg = Debug|Any CPU
		{4A7DE789-85A7-44EB-AB0E-841B6A6793AC}.Debug|Any CPU.Build.0 = Debug|Any CPU
		{4A7DE789-85A7-44EB-AB0E-841B6A6793AC}.Release|Any CPU.ActiveCfg = Release|Any CPU
		{4A7DE789-85A7-44EB-AB0E-841B6A6793AC}.Release|Any CPU.Build.0 = Release|Any CPU
		{F0C08902-7AD2-44EC-83DD-2FD17D50F5FB}.Debug|Any CPU.ActiveCfg = Debug|Any CPU
		{F0C08902-7AD2-44EC-83DD-2FD17D50F5FB}.Debug|Any CPU.Build.0 = Debug|Any CPU
		{F0C08902-7AD2-44EC-83DD-2FD17D50F5FB}.Release|Any CPU.ActiveCfg = Release|Any CPU
		{F0C08902-7AD2-44EC-83DD-2FD17D50F5FB}.Release|Any CPU.Build.0 = Release|Any CPU
		{6461E1EA-C707-47EF-8086-B50AEF88827B}.Debug|Any CPU.ActiveCfg = Debug|Any CPU
		{6461E1EA-C707-47EF-8086-B50AEF88827B}.Debug|Any CPU.Build.0 = Debug|Any CPU
		{6461E1EA-C707-47EF-8086-B50AEF88827B}.Release|Any CPU.ActiveCfg = Release|Any CPU
		{6461E1EA-C707-47EF-8086-B50AEF88827B}.Release|Any CPU.Build.0 = Release|Any CPU
	EndGlobalSection
	GlobalSection(SolutionProperties) = preSolution
		HideSolutionNode = FALSE
	EndGlobalSection
	GlobalSection(NestedProjects) = preSolution
		{829EE4CE-6608-4DCC-A6F4-D17C33408C6A} = {AF4A189D-BB90-43DD-9766-ABA56D557F97}
		{634E9C52-8695-4963-AAAB-F40D63C282E0} = {0FB584A0-EE6D-4215-9597-80A92B496808}
		{DDD3278D-9A14-445E-8715-8611DE059E05} = {A655D4BE-3631-4F9E-8880-A80F63C8A2C3}
		{4A7DE789-85A7-44EB-AB0E-841B6A6793AC} = {0FB584A0-EE6D-4215-9597-80A92B496808}
		{0FB584A0-EE6D-4215-9597-80A92B496808} = {02EA681E-C7D8-13C7-8484-4AC65E1B71E8}
		{F0C08902-7AD2-44EC-83DD-2FD17D50F5FB} = {0FB584A0-EE6D-4215-9597-80A92B496808}
		{AF4A189D-BB90-43DD-9766-ABA56D557F97} = {0FB584A0-EE6D-4215-9597-80A92B496808}
		{6461E1EA-C707-47EF-8086-B50AEF88827B} = {AF4A189D-BB90-43DD-9766-ABA56D557F97}
	EndGlobalSection
	GlobalSection(ExtensibilityGlobals) = postSolution
		SolutionGuid = {DADE88ED-6773-48EF-B139-AFFB55E78F87}
	EndGlobalSection
EndGlobal
